# THIS IS AN AUTOGENERATED FILE. DO NOT EDIT THIS FILE DIRECTLY.
# yarn lockfile v1


flow-bin@^0.54.1:
  version "0.54.1"
  resolved "https://registry.yarnpkg.com/flow-bin/-/flow-bin-0.54.1.tgz#7101bcccf006dc0652714a8aef0c72078a760510"

shift-spec-consumer@^1.0.1:
  version "1.0.1"
  resolved "https://registry.yarnpkg.com/shift-spec-consumer/-/shift-spec-consumer-1.0.1.tgz#f67652defc18806780a8e04b4f9f08a0ffe23a9c"
  dependencies:
    webidl2 "^2.0.11"

shift-spec@^2016.0.0:
  version "2016.0.0"
  resolved "https://registry.yarnpkg.com/shift-spec/-/shift-spec-2016.0.0.tgz#cf057c396d7ce3a59e5e003077021d2b552a261c"

webidl2@^2.0.11:
  version "2.4.0"
  resolved "https://registry.yarnpkg.com/webidl2/-/webidl2-2.4.0.tgz#5a6f282b72b479cea0aec222b14b83337db97290"
